
Microsoft Visual Studio Solution File, Format Version 12.00
# Visual Studio Version 17
VisualStudioVersion = 17.9.34607.119
MinimumVisualStudioVersion = 10.0.40219.1
Project("{FAE04EC0-301F-11D3-BF4B-00C04F79EFBC}") = "InMemoryCache", "InMemoryCache\InMemoryCache.csproj", "{4F2ECC7F-1933-497A-AA3B-35C89D79F9EA}"
EndProject
Project("{FAE04EC0-301F-11D3-BF4B-00C04F79EFBC}") = "DistributedCache", "DistributedCache\DistributedCache.csproj", "{AA777D09-80AB-4E63-AF9F-1030130A9E75}"
EndProject
Global
	GlobalSection(SolutionConfigurationPlatforms) = preSolution
		Debug|Any CPU = Debug|Any CPU
		Release|Any CPU = Release|Any CPU
	EndGlobalSection
	GlobalSection(ProjectConfigurationPlatforms) = postSolution
		{4F2ECC7F-1933-497A-AA3B-35C89D79F9EA}.Debug|Any CPU.ActiveCfg = Debug|Any CPU
		{4F2ECC7F-1933-497A-AA3B-35C89D79F9EA}.Debug|Any CPU.Build.0 = Debug|Any CPU
		{4F2ECC7F-1933-497A-AA3B-35C89D79F9EA}.Release|Any CPU.ActiveCfg = Release|Any CPU
		{4F2ECC7F-1933-497A-AA3B-35C89D79F9EA}.Release|Any CPU.Build.0 = Release|Any CPU
		{AA777D09-80AB-4E63-AF9F-1030130A9E75}.Debug|Any CPU.ActiveCfg = Debug|Any CPU
		{AA777D09-80AB-4E63-AF9F-1030130A9E75}.Debug|Any CPU.Build.0 = Debug|Any CPU
		{AA777D09-80AB-4E63-AF9F-1030130A9E75}.Release|Any CPU.ActiveCfg = Release|Any CPU
		{AA777D09-80AB-4E63-AF9F-1030130A9E75}.Release|Any CPU.Build.0 = Release|Any CPU
	EndGlobalSection
	GlobalSection(SolutionProperties) = preSolution
		HideSolutionNode = FALSE
	EndGlobalSection
	GlobalSection(ExtensibilityGlobals) = postSolution
		SolutionGuid = {85D915FB-2013-45A1-A03E-643BBAC3440A}
	EndGlobalSection
EndGlobal
